
Microsoft Visual Studio Solution File, Format Version 12.00
# Visual Studio Version 17
VisualStudioVersion = 17.5.33424.131
MinimumVisualStudioVersion = 10.0.40219.1
Project("{8BC9CEB8-8B4A-11D0-8D11-00A0C91BC942}") = "paradigmaOOP", "paradigmaOOP.vcxproj", "{D43A89A5-A3C5-4E73-A3AF-0AD8F4136204}"
EndProject
Project("{8BC9CEB8-8B4A-11D0-8D11-00A0C91BC942}") = "Asosiasi", "Asosiasi\Asosiasi.vcxproj", "{662D1095-882A-49BD-BCFF-796BBC00EE5A}"
EndProject
Project("{8BC9CEB8-8B4A-11D0-8D11-00A0C91BC942}") = "mainIA", "mainIA\mainIA.vcxproj", "{40E802A9-9474-4A29-98C9-E9A979ACE1FA}"
EndProject
Project("{8BC9CEB8-8B4A-11D0-8D11-00A0C91BC942}") = "mainJM", "mainJM\mainJM.vcxproj", "{C1599C2A-C67D-4A2F-AB4C-6DCCDE60E45C}"
EndProject
Global
	GlobalSection(SolutionConfigurationPlatforms) = preSolution
		Debug|x64 = Debug|x64
		Debug|x86 = Debug|x86
		Release|x64 = Release|x64
		Release|x86 = Release|x86
	EndGlobalSection
	GlobalSection(ProjectConfigurationPlatforms) = postSolution
		{D43A89A5-A3C5-4E73-A3AF-0AD8F4136204}.Debug|x64.ActiveCfg = Debug|x64
		{D43A89A5-A3C5-4E73-A3AF-0AD8F4136204}.Debug|x64.Build.0 = Debug|x64
		{D43A89A5-A3C5-4E73-A3AF-0AD8F4136204}.Debug|x86.ActiveCfg = Debug|Win32
		{D43A89A5-A3C5-4E73-A3AF-0AD8F4136204}.Debug|x86.Build.0 = Debug|Win32
		{D43A89A5-A3C5-4E73-A3AF-0AD8F4136204}.Release|x64.ActiveCfg = Release|x64
		{D43A89A5-A3C5-4E73-A3AF-0AD8F4136204}.Release|x64.Build.0 = Release|x64
		{D43A89A5-A3C5-4E73-A3AF-0AD8F4136204}.Release|x86.ActiveCfg = Release|Win32
		{D43A89A5-A3C5-4E73-A3AF-0AD8F4136204}.Release|x86.Build.0 = Release|Win32
		{662D1095-882A-49BD-BCFF-796BBC00EE5A}.Debug|x64.ActiveCfg = Debug|x64
		{662D1095-882A-49BD-BCFF-796BBC00EE5A}.Debug|x64.Build.0 = Debug|x64
		{662D1095-882A-49BD-BCFF-796BBC00EE5A}.Debug|x86.ActiveCfg = Debug|Win32
		{662D1095-882A-49BD-BCFF-796BBC00EE5A}.Debug|x86.Build.0 = Debug|Win32
		{662D1095-882A-49BD-BCFF-796BBC00EE5A}.Release|x64.ActiveCfg = Release|x64
		{662D1095-882A-49BD-BCFF-796BBC00EE5A}.Release|x64.Build.0 = Release|x64
		{662D1095-882A-49BD-BCFF-796BBC00EE5A}.Release|x86.ActiveCfg = Release|Win32
		{662D1095-882A-49BD-BCFF-796BBC00EE5A}.Release|x86.Build.0 = Release|Win32
		{40E802A9-9474-4A29-98C9-E9A979ACE1FA}.Debug|x64.ActiveCfg = Debug|x64
		{40E802A9-9474-4A29-98C9-E9A979ACE1FA}.Debug|x64.Build.0 = Debug|x64
		{40E802A9-9474-4A29-98C9-E9A979ACE1FA}.Debug|x86.ActiveCfg = Debug|Win32
		{40E802A9-9474-4A29-98C9-E9A979ACE1FA}.Debug|x86.Build.0 = Debug|Win32
		{40E802A9-9474-4A29-98C9-E9A979ACE1FA}.Release|x64.ActiveCfg = Release|x64
		{40E802A9-9474-4A29-98C9-E9A979ACE1FA}.Release|x64.Build.0 = Release|x64
		{40E802A9-9474-4A29-98C9-E9A979ACE1FA}.Release|x86.ActiveCfg = Release|Win32
		{40E802A9-9474-4A29-98C9-E9A979ACE1FA}.Release|x86.Build.0 = Release|Win32
		{C1599C2A-C67D-4A2F-AB4C-6DCCDE60E45C}.Debug|x64.ActiveCfg = Debug|x64
		{C1599C2A-C67D-4A2F-AB4C-6DCCDE60E45C}.Debug|x64.Build.0 = Debug|x64
		{C1599C2A-C67D-4A2F-AB4C-6DCCDE60E45C}.Debug|x86.ActiveCfg = Debug|Win32
		{C1599C2A-C67D-4A2F-AB4C-6DCCDE60E45C}.Debug|x86.Build.0 = Debug|Win32
		{C1599C2A-C67D-4A2F-AB4C-6DCCDE60E45C}.Release|x64.ActiveCfg = Release|x64
		{C1599C2A-C67D-4A2F-AB4C-6DCCDE60E45C}.Release|x64.Build.0 = Release|x64
		{C1599C2A-C67D-4A2F-AB4C-6DCCDE60E45C}.Release|x86.ActiveCfg = Release|Win32
		{C1599C2A-C67D-4A2F-AB4C-6DCCDE60E45C}.Release|x86.Build.0 = Release|Win32
	EndGlobalSection
	GlobalSection(SolutionProperties) = preSolution
		HideSolutionNode = FALSE
	EndGlobalSection
	GlobalSection(ExtensibilityGlobals) = postSolution
		SolutionGuid = {6084A0E7-F609-4015-A75F-5F6CD0612BB2}
	EndGlobalSection
EndGlobal
